
Microsoft Visual Studio Solution File, Format Version 12.00
# Visual Studio Version 17
VisualStudioVersion = 17.3.32901.215
MinimumVisualStudioVersion = 10.0.40219.1
Project("{9A19103F-16F7-4668-BE54-9A1E7A4F7556}") = "Graphs.Core", "src\Graphs.Core\Graphs.Core.csproj", "{8D568230-AE1E-46A5-9D13-2FC67E8F0879}"
EndProject
Project("{9A19103F-16F7-4668-BE54-9A1E7A4F7556}") = "Graphs.Core.UnitTests", "tests\Graphs.Core.UnitTests\Graphs.Core.UnitTests.csproj", "{D6A68A86-D2E1-472B-8F95-E71CAAA55088}"
EndProject
Project("{9A19103F-16F7-4668-BE54-9A1E7A4F7556}") = "Graphs.Shared", "src\Graphs.Shared\Graphs.Shared.csproj", "{5C4C2B4A-EAFA-4E26-83D1-2D13E5868D8E}"
EndProject
Project("{9A19103F-16F7-4668-BE54-9A1E7A4F7556}") = "Graphs.Shared.UnitTests", "tests\Graphs.Shared.UnitTests\Graphs.Shared.UnitTests.csproj", "{04ED4BED-3243-4A7E-A2B5-180F0207DFE9}"
EndProject
Project("{9A19103F-16F7-4668-BE54-9A1E7A4F7556}") = "Graphs.UI", "src\Graphs.UI\Graphs.UI.csproj", "{6C26527B-218E-479C-895B-BC86D5D1F92F}"
EndProject
Project("{9A19103F-16F7-4668-BE54-9A1E7A4F7556}") = "Graphs.Infrastructure", "src\Graphs.Infrastructure\Graphs.Infrastructure.csproj", "{153D6D2C-237E-487F-8F3D-13661D8C0EF6}"
EndProject
Project("{9A19103F-16F7-4668-BE54-9A1E7A4F7556}") = "Graphs.Infrastructure.UnitTests", "tests\Graphs.Infrastructure.UnitTests\Graphs.Infrastructure.UnitTests.csproj", "{99B0AF6D-9A2A-4A82-8B55-72004007B80A}"
EndProject
Project("{2150E333-8FDC-42A3-9474-1A3956D46DE8}") = "Solution Items", "Solution Items", "{E0CE0A71-ECB4-4748-9E55-9EA12B51C7C1}"
	ProjectSection(SolutionItems) = preProject
		.editorconfig = .editorconfig
	EndProjectSection
EndProject
Project("{2150E333-8FDC-42A3-9474-1A3956D46DE8}") = "src", "src", "{D43818C1-C43D-4100-8F86-A427FB0541A4}"
EndProject
Project("{2150E333-8FDC-42A3-9474-1A3956D46DE8}") = "tests", "tests", "{342C254B-D9B1-4564-BC50-3CC725499844}"
EndProject
Project("{FAE04EC0-301F-11D3-BF4B-00C04F79EFBC}") = "Graphs.Benchmarker", "Graphs.Benchmarker\Graphs.Benchmarker.csproj", "{0657AE42-A97E-43CA-82CF-55AE444446D4}"
EndProject
Global
	GlobalSection(SolutionConfigurationPlatforms) = preSolution
		Debug|Any CPU = Debug|Any CPU
		Release|Any CPU = Release|Any CPU
	EndGlobalSection
	GlobalSection(ProjectConfigurationPlatforms) = postSolution
		{8D568230-AE1E-46A5-9D13-2FC67E8F0879}.Debug|Any CPU.ActiveCfg = Debug|Any CPU
		{8D568230-AE1E-46A5-9D13-2FC67E8F0879}.Debug|Any CPU.Build.0 = Debug|Any CPU
		{8D568230-AE1E-46A5-9D13-2FC67E8F0879}.Release|Any CPU.ActiveCfg = Release|Any CPU
		{8D568230-AE1E-46A5-9D13-2FC67E8F0879}.Release|Any CPU.Build.0 = Release|Any CPU
		{D6A68A86-D2E1-472B-8F95-E71CAAA55088}.Debug|Any CPU.ActiveCfg = Debug|Any CPU
		{D6A68A86-D2E1-472B-8F95-E71CAAA55088}.Debug|Any CPU.Build.0 = Debug|Any CPU
		{D6A68A86-D2E1-472B-8F95-E71CAAA55088}.Release|Any CPU.ActiveCfg = Release|Any CPU
		{D6A68A86-D2E1-472B-8F95-E71CAAA55088}.Release|Any CPU.Build.0 = Release|Any CPU
		{5C4C2B4A-EAFA-4E26-83D1-2D13E5868D8E}.Debug|Any CPU.ActiveCfg = Debug|Any CPU
		{5C4C2B4A-EAFA-4E26-83D1-2D13E5868D8E}.Debug|Any CPU.Build.0 = Debug|Any CPU
		{5C4C2B4A-EAFA-4E26-83D1-2D13E5868D8E}.Release|Any CPU.ActiveCfg = Release|Any CPU
		{5C4C2B4A-EAFA-4E26-83D1-2D13E5868D8E}.Release|Any CPU.Build.0 = Release|Any CPU
		{04ED4BED-3243-4A7E-A2B5-180F0207DFE9}.Debug|Any CPU.ActiveCfg = Debug|Any CPU
		{04ED4BED-3243-4A7E-A2B5-180F0207DFE9}.Debug|Any CPU.Build.0 = Debug|Any CPU
		{04ED4BED-3243-4A7E-A2B5-180F0207DFE9}.Release|Any CPU.ActiveCfg = Release|Any CPU
		{04ED4BED-3243-4A7E-A2B5-180F0207DFE9}.Release|Any CPU.Build.0 = Release|Any CPU
		{6C26527B-218E-479C-895B-BC86D5D1F92F}.Debug|Any CPU.ActiveCfg = Debug|Any CPU
		{6C26527B-218E-479C-895B-BC86D5D1F92F}.Debug|Any CPU.Build.0 = Debug|Any CPU
		{6C26527B-218E-479C-895B-BC86D5D1F92F}.Release|Any CPU.ActiveCfg = Release|Any CPU
		{6C26527B-218E-479C-895B-BC86D5D1F92F}.Release|Any CPU.Build.0 = Release|Any CPU
		{153D6D2C-237E-487F-8F3D-13661D8C0EF6}.Debug|Any CPU.ActiveCfg = Debug|Any CPU
		{153D6D2C-237E-487F-8F3D-13661D8C0EF6}.Debug|Any CPU.Build.0 = Debug|Any CPU
		{153D6D2C-237E-487F-8F3D-13661D8C0EF6}.Release|Any CPU.ActiveCfg = Release|Any CPU
		{153D6D2C-237E-487F-8F3D-13661D8C0EF6}.Release|Any CPU.Build.0 = Release|Any CPU
		{99B0AF6D-9A2A-4A82-8B55-72004007B80A}.Debug|Any CPU.ActiveCfg = Debug|Any CPU
		{99B0AF6D-9A2A-4A82-8B55-72004007B80A}.Debug|Any CPU.Build.0 = Debug|Any CPU
		{99B0AF6D-9A2A-4A82-8B55-72004007B80A}.Release|Any CPU.ActiveCfg = Release|Any CPU
		{99B0AF6D-9A2A-4A82-8B55-72004007B80A}.Release|Any CPU.Build.0 = Release|Any CPU
		{0657AE42-A97E-43CA-82CF-55AE444446D4}.Debug|Any CPU.ActiveCfg = Debug|Any CPU
		{0657AE42-A97E-43CA-82CF-55AE444446D4}.Debug|Any CPU.Build.0 = Debug|Any CPU
		{0657AE42-A97E-43CA-82CF-55AE444446D4}.Release|Any CPU.ActiveCfg = Release|Any CPU
		{0657AE42-A97E-43CA-82CF-55AE444446D4}.Release|Any CPU.Build.0 = Release|Any CPU
	EndGlobalSection
	GlobalSection(SolutionProperties) = preSolution
		HideSolutionNode = FALSE
	EndGlobalSection
	GlobalSection(NestedProjects) = preSolution
		{8D568230-AE1E-46A5-9D13-2FC67E8F0879} = {D43818C1-C43D-4100-8F86-A427FB0541A4}
		{D6A68A86-D2E1-472B-8F95-E71CAAA55088} = {342C254B-D9B1-4564-BC50-3CC725499844}
		{5C4C2B4A-EAFA-4E26-83D1-2D13E5868D8E} = {D43818C1-C43D-4100-8F86-A427FB0541A4}
		{04ED4BED-3243-4A7E-A2B5-180F0207DFE9} = {342C254B-D9B1-4564-BC50-3CC725499844}
		{6C26527B-218E-479C-895B-BC86D5D1F92F} = {D43818C1-C43D-4100-8F86-A427FB0541A4}
		{153D6D2C-237E-487F-8F3D-13661D8C0EF6} = {D43818C1-C43D-4100-8F86-A427FB0541A4}
		{99B0AF6D-9A2A-4A82-8B55-72004007B80A} = {342C254B-D9B1-4564-BC50-3CC725499844}
		{0657AE42-A97E-43CA-82CF-55AE444446D4} = {D43818C1-C43D-4100-8F86-A427FB0541A4}
	EndGlobalSection
	GlobalSection(ExtensibilityGlobals) = postSolution
		SolutionGuid = {3CDFCA7A-0F51-4A64-835B-EC70609B5D90}
	EndGlobalSection
EndGlobal
